
Microsoft Visual Studio Solution File, Format Version 12.00
# Visual Studio Version 17
VisualStudioVersion = 17.0.31919.166
MinimumVisualStudioVersion = 10.0.40219.1
Project("{FAE04EC0-301F-11D3-BF4B-00C04F79EFBC}") = "weahterapi", "weahterapi.csproj", "{5040EB0D-51D1-4D69-BF0F-C3FC269E53D1}"
EndProject
Global
	GlobalSection(SolutionConfigurationPlatforms) = preSolution
		Debug|Any CPU = Debug|Any CPU
		Release|Any CPU = Release|Any CPU
	EndGlobalSection
	GlobalSection(ProjectConfigurationPlatforms) = postSolution
		{5040EB0D-51D1-4D69-BF0F-C3FC269E53D1}.Debug|Any CPU.ActiveCfg = Debug|Any CPU
		{5040EB0D-51D1-4D69-BF0F-C3FC269E53D1}.Debug|Any CPU.Build.0 = Debug|Any CPU
		{5040EB0D-51D1-4D69-BF0F-C3FC269E53D1}.Release|Any CPU.ActiveCfg = Release|Any CPU
		{5040EB0D-51D1-4D69-BF0F-C3FC269E53D1}.Release|Any CPU.Build.0 = Release|Any CPU
	EndGlobalSection
	GlobalSection(SolutionProperties) = preSolution
		HideSolutionNode = FALSE
	EndGlobalSection
	GlobalSection(ExtensibilityGlobals) = postSolution
		SolutionGuid = {46CD8C6E-471D-4D80-AA7F-A60BB26E3E46}
	EndGlobalSection
EndGlobal
